
Microsoft Visual Studio Solution File, Format Version 12.00
# Visual Studio Version 17
VisualStudioVersion = 17.0.31903.59
MinimumVisualStudioVersion = 10.0.40219.1
Project("{FAE04EC0-301F-11D3-BF4B-00C04F79EFBC}") = "CoffeeMachine.Core", "CoffeeMachine.Core\CoffeeMachine.Core.csproj", "{8DBE6483-0DC3-4C85-8678-0A36EC184160}"
EndProject
Project("{FAE04EC0-301F-11D3-BF4B-00C04F79EFBC}") = "CoffeeMachine.Tests", "CoffeeMachine.Tests\CoffeeMachine.Tests.csproj", "{633E2A6B-9897-41B2-AF5B-B47BC78799FC}"
EndProject
Project("{FAE04EC0-301F-11D3-BF4B-00C04F79EFBC}") = "CoffeeMachine.Maui", "CoffeeMachine.Maui\CoffeeMachine.Maui.csproj", "{153642FB-8E0C-4B96-B505-B891B74D7D2E}"
EndProject
Global
	GlobalSection(SolutionConfigurationPlatforms) = preSolution
		Debug|Any CPU = Debug|Any CPU
		Debug|x64 = Debug|x64
		Debug|x86 = Debug|x86
		Release|Any CPU = Release|Any CPU
		Release|x64 = Release|x64
		Release|x86 = Release|x86
	EndGlobalSection
	GlobalSection(ProjectConfigurationPlatforms) = postSolution
		{8DBE6483-0DC3-4C85-8678-0A36EC184160}.Debug|Any CPU.ActiveCfg = Debug|Any CPU
		{8DBE6483-0DC3-4C85-8678-0A36EC184160}.Debug|Any CPU.Build.0 = Debug|Any CPU
		{8DBE6483-0DC3-4C85-8678-0A36EC184160}.Debug|x64.ActiveCfg = Debug|Any CPU
		{8DBE6483-0DC3-4C85-8678-0A36EC184160}.Debug|x64.Build.0 = Debug|Any CPU
		{8DBE6483-0DC3-4C85-8678-0A36EC184160}.Debug|x86.ActiveCfg = Debug|Any CPU
		{8DBE6483-0DC3-4C85-8678-0A36EC184160}.Debug|x86.Build.0 = Debug|Any CPU
		{8DBE6483-0DC3-4C85-8678-0A36EC184160}.Release|Any CPU.ActiveCfg = Release|Any CPU
		{8DBE6483-0DC3-4C85-8678-0A36EC184160}.Release|Any CPU.Build.0 = Release|Any CPU
		{8DBE6483-0DC3-4C85-8678-0A36EC184160}.Release|x64.ActiveCfg = Release|Any CPU
		{8DBE6483-0DC3-4C85-8678-0A36EC184160}.Release|x64.Build.0 = Release|Any CPU
		{8DBE6483-0DC3-4C85-8678-0A36EC184160}.Release|x86.ActiveCfg = Release|Any CPU
		{8DBE6483-0DC3-4C85-8678-0A36EC184160}.Release|x86.Build.0 = Release|Any CPU
		{633E2A6B-9897-41B2-AF5B-B47BC78799FC}.Debug|Any CPU.ActiveCfg = Debug|Any CPU
		{633E2A6B-9897-41B2-AF5B-B47BC78799FC}.Debug|Any CPU.Build.0 = Debug|Any CPU
		{633E2A6B-9897-41B2-AF5B-B47BC78799FC}.Debug|x64.ActiveCfg = Debug|Any CPU
		{633E2A6B-9897-41B2-AF5B-B47BC78799FC}.Debug|x64.Build.0 = Debug|Any CPU
		{633E2A6B-9897-41B2-AF5B-B47BC78799FC}.Debug|x86.ActiveCfg = Debug|Any CPU
		{633E2A6B-9897-41B2-AF5B-B47BC78799FC}.Debug|x86.Build.0 = Debug|Any CPU
		{633E2A6B-9897-41B2-AF5B-B47BC78799FC}.Release|Any CPU.ActiveCfg = Release|Any CPU
		{633E2A6B-9897-41B2-AF5B-B47BC78799FC}.Release|Any CPU.Build.0 = Release|Any CPU
		{633E2A6B-9897-41B2-AF5B-B47BC78799FC}.Release|x64.ActiveCfg = Release|Any CPU
		{633E2A6B-9897-41B2-AF5B-B47BC78799FC}.Release|x64.Build.0 = Release|Any CPU
		{633E2A6B-9897-41B2-AF5B-B47BC78799FC}.Release|x86.ActiveCfg = Release|Any CPU
		{633E2A6B-9897-41B2-AF5B-B47BC78799FC}.Release|x86.Build.0 = Release|Any CPU
		{153642FB-8E0C-4B96-B505-B891B74D7D2E}.Debug|Any CPU.ActiveCfg = Debug|Any CPU
		{153642FB-8E0C-4B96-B505-B891B74D7D2E}.Debug|Any CPU.Build.0 = Debug|Any CPU
		{153642FB-8E0C-4B96-B505-B891B74D7D2E}.Debug|x64.ActiveCfg = Debug|Any CPU
		{153642FB-8E0C-4B96-B505-B891B74D7D2E}.Debug|x64.Build.0 = Debug|Any CPU
		{153642FB-8E0C-4B96-B505-B891B74D7D2E}.Debug|x86.ActiveCfg = Debug|Any CPU
		{153642FB-8E0C-4B96-B505-B891B74D7D2E}.Debug|x86.Build.0 = Debug|Any CPU
		{153642FB-8E0C-4B96-B505-B891B74D7D2E}.Release|Any CPU.ActiveCfg = Release|Any CPU
		{153642FB-8E0C-4B96-B505-B891B74D7D2E}.Release|Any CPU.Build.0 = Release|Any CPU
		{153642FB-8E0C-4B96-B505-B891B74D7D2E}.Release|x64.ActiveCfg = Release|Any CPU
		{153642FB-8E0C-4B96-B505-B891B74D7D2E}.Release|x64.Build.0 = Release|Any CPU
		{153642FB-8E0C-4B96-B505-B891B74D7D2E}.Release|x86.ActiveCfg = Release|Any CPU
		{153642FB-8E0C-4B96-B505-B891B74D7D2E}.Release|x86.Build.0 = Release|Any CPU
	EndGlobalSection
	GlobalSection(SolutionProperties) = preSolution
		HideSolutionNode = FALSE
	EndGlobalSection
EndGlobal
